# THIS IS AN AUTOGENERATED FILE. DO NOT EDIT THIS FILE DIRECTLY.
# yarn lockfile v1


lodash@^4.17.5:
  version "4.17.5"
  resolved "https://registry.yarnpkg.com/lodash/-/lodash-4.17.5.tgz#99a92d65c0272debe8c96b6057bc8fbfa3bed511"

php-array-parser@^1.0.1:
  version "1.0.1"
  resolved "https://registry.yarnpkg.com/php-array-parser/-/php-array-parser-1.0.1.tgz#9da12683c3bebbe228a7e238c716435437631eaa"
  dependencies:
    php-parser "^2.0.3"

php-parser@^2.0.3:
  version "2.2.0"
  resolved "https://registry.yarnpkg.com/php-parser/-/php-parser-2.2.0.tgz#67384f0a5933dbbef40beab0ab31d0b8c582ff88"
